// !$*UTF8*$!
{
	archiveVersion = 1;
	classes = {
	};
	objectVersion = 55;
	objects = {

/* Begin PBXBuildFile section */
		DABE909927CE88CC00BFC0B2 /* AppDelegate.swift in Sources */ = {isa = PBXBuildFile; fileRef = DABE909827CE88CC00BFC0B2 /* AppDelegate.swift */; };
		DABE909B27CE88CC00BFC0B2 /* SceneDelegate.swift in Sources */ = {isa = PBXBuildFile; fileRef = DABE909A27CE88CC00BFC0B2 /* SceneDelegate.swift */; };
		DABE909D27CE88CC00BFC0B2 /* ViewController.swift in Sources */ = {isa = PBXBuildFile; fileRef = DABE909C27CE88CC00BFC0B2 /* ViewController.swift */; };
		DABE90A027CE88CC00BFC0B2 /* Main.storyboard in Resources */ = {isa = PBXBuildFile; fileRef = DABE909E27CE88CC00BFC0B2 /* Main.storyboard */; };
		DABE90A227CE88CE00BFC0B2 /* Assets.xcassets in Resources */ = {isa = PBXBuildFile; fileRef = DABE90A127CE88CE00BFC0B2 /* Assets.xcassets */; };
		DABE90A527CE88CE00BFC0B2 /* LaunchScreen.storyboard in Resources */ = {isa = PBXBuildFile; fileRef = DABE90A327CE88CE00BFC0B2 /* LaunchScreen.storyboard */; };
		DABE90AD27CE8A2100BFC0B2 /* DetailsViewController.swift in Sources */ = {isa = PBXBuildFile; fileRef = DABE90AC27CE8A2100BFC0B2 /* DetailsViewController.swift */; };
		DABE90AF27CE9A0C00BFC0B2 /* City.swift in Sources */ = {isa = PBXBuildFile; fileRef = DABE90AE27CE9A0C00BFC0B2 /* City.swift */; };
/* End PBXBuildFile section */

/* Begin PBXFileReference section */
		DABE909527CE88CC00BFC0B2 /* CityApp.app */ = {isa = PBXFileReference; explicitFileType = wrapper.application; includeInIndex = 0; path = CityApp.app; sourceTree = BUILT_PRODUCTS_DIR; };
		DABE909827CE88CC00BFC0B2 /* AppDelegate.swift */ = {isa = PBXFileReference; lastKnownFileType = sourcecode.swift; path = AppDelegate.swift; sourceTree = "<group>"; };
		DABE909A27CE88CC00BFC0B2 /* SceneDelegate.swift */ = {isa = PBXFileReference; lastKnownFileType = sourcecode.swift; path = SceneDelegate.swift; sourceTree = "<group>"; };
		DABE909C27CE88CC00BFC0B2 /* ViewController.swift */ = {isa = PBXFileReference; lastKnownFileType = sourcecode.swift; path = ViewController.swift; sourceTree = "<group>"; };
		DABE909F27CE88CC00BFC0B2 /* Base */ = {isa = PBXFileReference; lastKnownFileType = file.storyboard; name = Base; path = Base.lproj/Main.storyboard; sourceTree = "<group>"; };
		DABE90A127CE88CE00BFC0B2 /* Assets.xcassets */ = {isa = PBXFileReference; lastKnownFileType = folder.assetcatalog; path = Assets.xcassets; sourceTree = "<group>"; };
		DABE90A427CE88CE00BFC0B2 /* Base */ = {isa = PBXFileReference; lastKnownFileType = file.storyboard; name = Base; path = Base.lproj/LaunchScreen.storyboard; sourceTree = "<group>"; };
		DABE90A627CE88CE00BFC0B2 /* Info.plist */ = {isa = PBXFileReference; lastKnownFileType = text.plist.xml; path = Info.plist; sourceTree = "<group>"; };
		DABE90AC27CE8A2100BFC0B2 /* DetailsViewController.swift */ = {isa = PBXFileReference; lastKnownFileType = sourcecode.swift; path = DetailsViewController.swift; sourceTree = "<group>"; };
		DABE90AE27CE9A0C00BFC0B2 /* City.swift */ = {isa = PBXFileReference; lastKnownFileType = sourcecode.swift; path = City.swift; sourceTree = "<group>"; };
/* End PBXFileReference section */

/* Begin PBXFrameworksBuildPhase section */
		DABE909227CE88CC00BFC0B2 /* Frameworks */ = {
			isa = PBXFrameworksBuildPhase;
			buildActionMask = 2147483647;
			files = (
			);
			runOnlyForDeploymentPostprocessing = 0;
		};
/* End PBXFrameworksBuildPhase section */

/* Begin PBXGroup section */
		DABE908C27CE88CC00BFC0B2 = {
			isa = PBXGroup;
			children = (
				DABE909727CE88CC00BFC0B2 /* CityApp */,
				DABE909627CE88CC00BFC0B2 /* Products */,
			);
			sourceTree = "<group>";
		};
		DABE909627CE88CC00BFC0B2 /* Products */ = {
			isa = PBXGroup;
			children = (
				DABE909527CE88CC00BFC0B2 /* CityApp.app */,
			);
			name = Products;
			sourceTree = "<group>";
		};
		DABE909727CE88CC00BFC0B2 /* CityApp */ = {
			isa = PBXGroup;
			children = (
				DABE909827CE88CC00BFC0B2 /* AppDelegate.swift */,
				DABE909A27CE88CC00BFC0B2 /* SceneDelegate.swift */,
				DABE909C27CE88CC00BFC0B2 /* ViewController.swift */,
				DABE909E27CE88CC00BFC0B2 /* Main.storyboard */,
				DABE90A127CE88CE00BFC0B2 /* Assets.xcassets */,
				DABE90A327CE88CE00BFC0B2 /* LaunchScreen.storyboard */,
				DABE90A627CE88CE00BFC0B2 /* Info.plist */,
				DABE90AC27CE8A2100BFC0B2 /* DetailsViewController.swift */,
				DABE90AE27CE9A0C00BFC0B2 /* City.swift */,
			);
			path = CityApp;
			sourceTree = "<group>";
		};
/* End PBXGroup section */

/* Begin PBXNativeTarget section */
		DABE909427CE88CC00BFC0B2 /* CityApp */ = {
			isa = PBXNativeTarget;
			buildConfigurationList = DABE90A927CE88CE00BFC0B2 /* Build configuration list for PBXNativeTarget "CityApp" */;
			buildPhases = (
				DABE909127CE88CC00BFC0B2 /* Sources */,
				DABE909227CE88CC00BFC0B2 /* Frameworks */,
				DABE909327CE88CC00BFC0B2 /* Resources */,
			);
			buildRules = (
			);
			dependencies = (
			);
			name = CityApp;
			productName = CityApp;
			productReference = DABE909527CE88CC00BFC0B2 /* CityApp.app */;
			productType = "com.apple.product-type.application";
		};
/* End PBXNativeTarget section */

/* Begin PBXProject section */
		DABE908D27CE88CC00BFC0B2 /* Project object */ = {
			isa = PBXProject;
			attributes = {
				BuildIndependentTargetsInParallel = 1;
				LastSwiftUpdateCheck = 1300;
				LastUpgradeCheck = 1300;
				TargetAttributes = {
					DABE909427CE88CC00BFC0B2 = {
						CreatedOnToolsVersion = 13.0;
					};
				};
			};
			buildConfigurationList = DABE909027CE88CC00BFC0B2 /* Build configuration list for PBXProject "CityApp" */;
			compatibilityVersion = "Xcode 13.0";
			developmentRegion = en;
			hasScannedForEncodings = 0;
			knownRegions = (
				en,
				Base,
			);
			mainGroup = DABE908C27CE88CC00BFC0B2;
			productRefGroup = DABE909627CE88CC00BFC0B2 /* Products */;
			projectDirPath = "";
			projectRoot = "";
			targets = (
				DABE909427CE88CC00BFC0B2 /* CityApp */,
			);
		};
/* End PBXProject section */

/* Begin PBXResourcesBuildPhase section */
		DABE909327CE88CC00BFC0B2 /* Resources */ = {
			isa = PBXResourcesBuildPhase;
			buildActionMask = 2147483647;
			files = (
				DABE90A527CE88CE00BFC0B2 /* LaunchScreen.storyboard in Resources */,
				DABE90A227CE88CE00BFC0B2 /* Assets.xcassets in Resources */,
				DABE90A027CE88CC00BFC0B2 /* Main.storyboard in Resources */,
			);
			runOnlyForDeploymentPostprocessing = 0;
		};
/* End PBXResourcesBuildPhase section */

/* Begin PBXSourcesBuildPhase section */
		DABE909127CE88CC00BFC0B2 /* Sources */ = {
			isa = PBXSourcesBuildPhase;
			buildActionMask = 2147483647;
			files = (
				DABE909D27CE88CC00BFC0B2 /* ViewController.swift in Sources */,
				DABE90AF27CE9A0C00BFC0B2 /* City.swift in Sources */,
				DABE909927CE88CC00BFC0B2 /* AppDelegate.swift in Sources */,
				DABE909B27CE88CC00BFC0B2 /* SceneDelegate.swift in Sources */,
				DABE90AD27CE8A2100BFC0B2 /* DetailsViewController.swift in Sources */,
			);
			runOnlyForDeploymentPostprocessing = 0;
		};
/* End PBXSourcesBuildPhase section */

/* Begin PBXVariantGroup section */
		DABE909E27CE88CC00BFC0B2 /* Main.storyboard */ = {
			isa = PBXVariantGroup;
			children = (
				DABE909F27CE88CC00BFC0B2 /* Base */,
			);
			name = Main.storyboard;
			sourceTree = "<group>";
		};
		DABE90A327CE88CE00BFC0B2 /* LaunchScreen.storyboard */ = {
			isa = PBXVariantGroup;
			children = (
				DABE90A427CE88CE00BFC0B2 /* Base */,
			);
			name = LaunchScreen.storyboard;
			sourceTree = "<group>";
		};
/* End PBXVariantGroup section */

/* Begin XCBuildConfiguration section */
		DABE90A727CE88CE00BFC0B2 /* Debug */ = {
			isa = XCBuildConfiguration;
			buildSettings = {
				ALWAYS_SEARCH_USER_PATHS = NO;
				CLANG_ANALYZER_NONNULL = YES;
				CLANG_ANALYZER_NUMBER_OBJECT_CONVERSION = YES_AGGRESSIVE;
				CLANG_CXX_LANGUAGE_STANDARD = "gnu++17";
				CLANG_CXX_LIBRARY = "libc++";
				CLANG_ENABLE_MODULES = YES;
				CLANG_ENABLE_OBJC_ARC = YES;
				CLANG_ENABLE_OBJC_WEAK = YES;
				CLANG_WARN_BLOCK_CAPTURE_AUTORELEASING = YES;
				CLANG_WARN_BOOL_CONVERSION = YES;
				CLANG_WARN_COMMA = YES;
				CLANG_WARN_CONSTANT_CONVERSION = YES;
				CLANG_WARN_DEPRECATED_OBJC_IMPLEMENTATIONS = YES;
				CLANG_WARN_DIRECT_OBJC_ISA_USAGE = YES_ERROR;
				CLANG_WARN_DOCUMENTATION_COMMENTS = YES;
				CLANG_WARN_EMPTY_BODY = YES;
				CLANG_WARN_ENUM_CONVERSION = YES;
				CLANG_WARN_INFINITE_RECURSION = YES;
				CLANG_WARN_INT_CONVERSION = YES;
				CLANG_WARN_NON_LITERAL_NULL_CONVERSION = YES;
				CLANG_WARN_OBJC_IMPLICIT_RETAIN_SELF = YES;
				CLANG_WARN_OBJC_LITERAL_CONVERSION = YES;
				CLANG_WARN_OBJC_ROOT_CLASS = YES_ERROR;
				CLANG_WARN_QUOTED_INCLUDE_IN_FRAMEWORK_HEADER = YES;
				CLANG_WARN_RANGE_LOOP_ANALYSIS = YES;
				CLANG_WARN_STRICT_PROTOTYPES = YES;
				CLANG_WARN_SUSPICIOUS_MOVE = YES;
				CLANG_WARN_UNGUARDED_AVAILABILITY = YES_AGGRESSIVE;
				CLANG_WARN_UNREACHABLE_CODE = YES;
				CLANG_WARN__DUPLICATE_METHOD_MATCH = YES;
				COPY_PHASE_STRIP = NO;
				DEBUG_INFORMATION_FORMAT = dwarf;
				ENABLE_STRICT_OBJC_MSGSEND = YES;
				ENABLE_TESTABILITY = YES;
				GCC_C_LANGUAGE_STANDARD = gnu11;
				GCC_DYNAMIC_NO_PIC = NO;
				GCC_NO_COMMON_BLOCKS = YES;
				GCC_OPTIMIZATION_LEVEL = 0;
				GCC_PREPROCESSOR_DEFINITIONS = (
					"DEBUG=1",
					"$(inherited)",
				);
				GCC_WARN_64_TO_32_BIT_CONVERSION = YES;
				GCC_WARN_ABOUT_RETURN_TYPE = YES_ERROR;
				GCC_WARN_UNDECLARED_SELECTOR = YES;
				GCC_WARN_UNINITIALIZED_AUTOS = YES_AGGRESSIVE;
				GCC_WARN_UNUSED_FUNCTION = YES;
				GCC_WARN_UNUSED_VARIABLE = YES;
				IPHONEOS_DEPLOYMENT_TARGET = 15.0;
				MTL_ENABLE_DEBUG_INFO = INCLUDE_SOURCE;
				MTL_FAST_MATH = YES;
				ONLY_ACTIVE_ARCH = YES;
				SDKROOT = iphoneos;
				SWIFT_ACTIVE_COMPILATION_CONDITIONS = DEBUG;
				SWIFT_OPTIMIZATION_LEVEL = "-Onone";
			};
			name = Debug;
		};
		DABE90A827CE88CE00BFC0B2 /* Release */ = {
			isa = XCBuildConfiguration;
			buildSettings = {
				ALWAYS_SEARCH_USER_PATHS = NO;
				CLANG_ANALYZER_NONNULL = YES;
				CLANG_ANALYZER_NUMBER_OBJECT_CONVERSION = YES_AGGRESSIVE;
				CLANG_CXX_LANGUAGE_STANDARD = "gnu++17";
				CLANG_CXX_LIBRARY = "libc++";
				CLANG_ENABLE_MODULES = YES;
				CLANG_ENABLE_OBJC_ARC = YES;
				CLANG_ENABLE_OBJC_WEAK = YES;
				CLANG_WARN_BLOCK_CAPTURE_AUTORELEASING = YES;
				CLANG_WARN_BOOL_CONVERSION = YES;
				CLANG_WARN_COMMA = YES;
				CLANG_WARN_CONSTANT_CONVERSION = YES;
				CLANG_WARN_DEPRECATED_OBJC_IMPLEMENTATIONS = YES;
				CLANG_WARN_DIRECT_OBJC_ISA_USAGE = YES_ERROR;
				CLANG_WARN_DOCUMENTATION_COMMENTS = YES;
				CLANG_WARN_EMPTY_BODY = YES;
				CLANG_WARN_ENUM_CONVERSION = YES;
				CLANG_WARN_INFINITE_RECURSION = YES;
				CLANG_WARN_INT_CONVERSION = YES;
				CLANG_WARN_NON_LITERAL_NULL_CONVERSION = YES;
				CLANG_WARN_OBJC_IMPLICIT_RETAIN_SELF = YES;
				CLANG_WARN_OBJC_LITERAL_CONVERSION = YES;
				CLANG_WARN_OBJC_ROOT_CLASS = YES_ERROR;
				CLANG_WARN_QUOTED_INCLUDE_IN_FRAMEWORK_HEADER = YES;
				CLANG_WARN_RANGE_LOOP_ANALYSIS = YES;
				CLANG_WARN_STRICT_PROTOTYPES = YES;
				CLANG_WARN_SUSPICIOUS_MOVE = YES;
				CLANG_WARN_UNGUARDED_AVAILABILITY = YES_AGGRESSIVE;
				CLANG_WARN_UNREACHABLE_CODE = YES;
				CLANG_WARN__DUPLICATE_METHOD_MATCH = YES;
				COPY_PHASE_STRIP = NO;
				DEBUG_INFORMATION_FORMAT = "dwarf-with-dsym";
				ENABLE_NS_ASSERTIONS = NO;
				ENABLE_STRICT_OBJC_MSGSEND = YES;
				GCC_C_LANGUAGE_STANDARD = gnu11;
				GCC_NO_COMMON_BLOCKS = YES;
				GCC_WARN_64_TO_32_BIT_CONVERSION = YES;
				GCC_WARN_ABOUT_RETURN_TYPE = YES_ERROR;
				GCC_WARN_UNDECLARED_SELECTOR = YES;
				GCC_WARN_UNINITIALIZED_AUTOS = YES_AGGRESSIVE;
				GCC_WARN_UNUSED_FUNCTION = YES;
				GCC_WARN_UNUSED_VARIABLE = YES;
				IPHONEOS_DEPLOYMENT_TARGET = 15.0;
				MTL_ENABLE_DEBUG_INFO = NO;
				MTL_FAST_MATH = YES;
				SDKROOT = iphoneos;
				SWIFT_COMPILATION_MODE = wholemodule;
				SWIFT_OPTIMIZATION_LEVEL = "-O";
				VALIDATE_PRODUCT = YES;
			};
			name = Release;
		};
		DABE90AA27CE88CE00BFC0B2 /* Debug */ = {
			isa = XCBuildConfiguration;
			buildSettings = {
				ASSETCATALOG_COMPILER_APPICON_NAME = AppIcon;
				ASSETCATALOG_COMPILER_GLOBAL_ACCENT_COLOR_NAME = AccentColor;
				CODE_SIGN_STYLE = Automatic;
				CURRENT_PROJECT_VERSION = 1;
				DEVELOPMENT_TEAM = 29CDDB86MT;
				GENERATE_INFOPLIST_FILE = YES;
				INFOPLIST_FILE = CityApp/Info.plist;
				INFOPLIST_KEY_UIApplicationSupportsIndirectInputEvents = YES;
				INFOPLIST_KEY_UILaunchStoryboardName = LaunchScreen;
				INFOPLIST_KEY_UIMainStoryboardFile = Main;
				INFOPLIST_KEY_UISupportedInterfaceOrientations_iPad = "UIInterfaceOrientationPortrait UIInterfaceOrientationPortraitUpsideDown UIInterfaceOrientationLandscapeLeft UIInterfaceOrientationLandscapeRight";
				INFOPLIST_KEY_UISupportedInterfaceOrientations_iPhone = "UIInterfaceOrientationPortrait UIInterfaceOrientationLandscapeLeft UIInterfaceOrientationLandscapeRight";
				LD_RUNPATH_SEARCH_PATHS = (
					"$(inherited)",
					"@executable_path/Frameworks",
				);
				MARKETING_VERSION = 1.0;
				PRODUCT_BUNDLE_IDENTIFIER = com.barkinsungu.CityApp;
				PRODUCT_NAME = "$(TARGET_NAME)";
				SWIFT_EMIT_LOC_STRINGS = YES;
				SWIFT_VERSION = 5.0;
				TARGETED_DEVICE_FAMILY = "1,2";
			};
			name = Debug;
		};
		DABE90AB27CE88CE00BFC0B2 /* Release */ = {
			isa = XCBuildConfiguration;
			buildSettings = {
				ASSETCATALOG_COMPILER_APPICON_NAME = AppIcon;
				ASSETCATALOG_COMPILER_GLOBAL_ACCENT_COLOR_NAME = AccentColor;
				CODE_SIGN_STYLE = Automatic;
				CURRENT_PROJECT_VERSION = 1;
				DEVELOPMENT_TEAM = 29CDDB86MT;
				GENERATE_INFOPLIST_FILE = YES;
				INFOPLIST_FILE = CityApp/Info.plist;
				INFOPLIST_KEY_UIApplicationSupportsIndirectInputEvents = YES;
				INFOPLIST_KEY_UILaunchStoryboardName = LaunchScreen;
				INFOPLIST_KEY_UIMainStoryboardFile = Main;
				INFOPLIST_KEY_UISupportedInterfaceOrientations_iPad = "UIInterfaceOrientationPortrait UIInterfaceOrientationPortraitUpsideDown UIInterfaceOrientationLandscapeLeft UIInterfaceOrientationLandscapeRight";
				INFOPLIST_KEY_UISupportedInterfaceOrientations_iPhone = "UIInterfaceOrientationPortrait UIInterfaceOrientationLandscapeLeft UIInterfaceOrientationLandscapeRight";
				LD_RUNPATH_SEARCH_PATHS = (
					"$(inherited)",
					"@executable_path/Frameworks",
				);
				MARKETING_VERSION = 1.0;
				PRODUCT_BUNDLE_IDENTIFIER = com.barkinsungu.CityApp;
				PRODUCT_NAME = "$(TARGET_NAME)";
				SWIFT_EMIT_LOC_STRINGS = YES;
				SWIFT_VERSION = 5.0;
				TARGETED_DEVICE_FAMILY = "1,2";
			};
			name = Release;
		};
/* End XCBuildConfiguration section */

/* Begin XCConfigurationList section */
		DABE909027CE88CC00BFC0B2 /* Build configuration list for PBXProject "CityApp" */ = {
			isa = XCConfigurationList;
			buildConfigurations = (
				DABE90A727CE88CE00BFC0B2 /* Debug */,
				DABE90A827CE88CE00BFC0B2 /* Release */,
			);
			defaultConfigurationIsVisible = 0;
			defaultConfigurationName = Release;
		};
		DABE90A927CE88CE00BFC0B2 /* Build configuration list for PBXNativeTarget "CityApp" */ = {
			isa = XCConfigurationList;
			buildConfigurations = (
				DABE90AA27CE88CE00BFC0B2 /* Debug */,
				DABE90AB27CE88CE00BFC0B2 /* Release */,
			);
			defaultConfigurationIsVisible = 0;
			defaultConfigurationName = Release;
		};
/* End XCConfigurationList section */
	};
	rootObject = DABE908D27CE88CC00BFC0B2 /* Project object */;
}
